// !$*UTF8*$!
{
	archiveVersion = 1;
	classes = {
	};
	objectVersion = 50;
	objects = {

/* Begin PBXBuildFile section */
		BCD414892540C1E10083DB24 /* AppDelegate.swift in Sources */ = {isa = PBXBuildFile; fileRef = BCD414882540C1E10083DB24 /* AppDelegate.swift */; };
		BCD4148B2540C1E10083DB24 /* SceneDelegate.swift in Sources */ = {isa = PBXBuildFile; fileRef = BCD4148A2540C1E10083DB24 /* SceneDelegate.swift */; };
		BCD4148D2540C1E10083DB24 /* ViewController.swift in Sources */ = {isa = PBXBuildFile; fileRef = BCD4148C2540C1E10083DB24 /* ViewController.swift */; };
		BCD414902540C1E10083DB24 /* Main.storyboard in Resources */ = {isa = PBXBuildFile; fileRef = BCD4148E2540C1E10083DB24 /* Main.storyboard */; };
		BCD414922540C1E20083DB24 /* Assets.xcassets in Resources */ = {isa = PBXBuildFile; fileRef = BCD414912540C1E20083DB24 /* Assets.xcassets */; };
		BCD414952540C1E20083DB24 /* LaunchScreen.storyboard in Resources */ = {isa = PBXBuildFile; fileRef = BCD414932540C1E20083DB24 /* LaunchScreen.storyboard */; };
		BCD414A12540C3680083DB24 /* Mapbox.framework in Frameworks */ = {isa = PBXBuildFile; fileRef = BCD4149D2540C3490083DB24 /* Mapbox.framework */; };
		BCD414A22540C3680083DB24 /* Mapbox.framework in Embed Frameworks */ = {isa = PBXBuildFile; fileRef = BCD4149D2540C3490083DB24 /* Mapbox.framework */; settings = {ATTRIBUTES = (CodeSignOnCopy, RemoveHeadersOnCopy, ); }; };
		BCD414A42540C36A0083DB24 /* MapboxMobileEvents.framework in Frameworks */ = {isa = PBXBuildFile; fileRef = BCD4149E2540C3490083DB24 /* MapboxMobileEvents.framework */; };
		BCD414A52540C36A0083DB24 /* MapboxMobileEvents.framework in Embed Frameworks */ = {isa = PBXBuildFile; fileRef = BCD4149E2540C3490083DB24 /* MapboxMobileEvents.framework */; settings = {ATTRIBUTES = (CodeSignOnCopy, RemoveHeadersOnCopy, ); }; };
		BCD414A8254115260083DB24 /* features.geojson in Resources */ = {isa = PBXBuildFile; fileRef = BCD414A7254115260083DB24 /* features.geojson */; };
/* End PBXBuildFile section */

/* Begin PBXCopyFilesBuildPhase section */
		BCD414A32540C3680083DB24 /* Embed Frameworks */ = {
			isa = PBXCopyFilesBuildPhase;
			buildActionMask = 2147483647;
			dstPath = "";
			dstSubfolderSpec = 10;
			files = (
				BCD414A52540C36A0083DB24 /* MapboxMobileEvents.framework in Embed Frameworks */,
				BCD414A22540C3680083DB24 /* Mapbox.framework in Embed Frameworks */,
			);
			name = "Embed Frameworks";
			runOnlyForDeploymentPostprocessing = 0;
		};
/* End PBXCopyFilesBuildPhase section */

/* Begin PBXFileReference section */
		BCD414852540C1E10083DB24 /* MapboxDemo.app */ = {isa = PBXFileReference; explicitFileType = wrapper.application; includeInIndex = 0; path = MapboxDemo.app; sourceTree = BUILT_PRODUCTS_DIR; };
		BCD414882540C1E10083DB24 /* AppDelegate.swift */ = {isa = PBXFileReference; lastKnownFileType = sourcecode.swift; path = AppDelegate.swift; sourceTree = "<group>"; };
		BCD4148A2540C1E10083DB24 /* SceneDelegate.swift */ = {isa = PBXFileReference; lastKnownFileType = sourcecode.swift; path = SceneDelegate.swift; sourceTree = "<group>"; };
		BCD4148C2540C1E10083DB24 /* ViewController.swift */ = {isa = PBXFileReference; lastKnownFileType = sourcecode.swift; path = ViewController.swift; sourceTree = "<group>"; };
		BCD4148F2540C1E10083DB24 /* Base */ = {isa = PBXFileReference; lastKnownFileType = file.storyboard; name = Base; path = Base.lproj/Main.storyboard; sourceTree = "<group>"; };
		BCD414912540C1E20083DB24 /* Assets.xcassets */ = {isa = PBXFileReference; lastKnownFileType = folder.assetcatalog; path = Assets.xcassets; sourceTree = "<group>"; };
		BCD414942540C1E20083DB24 /* Base */ = {isa = PBXFileReference; lastKnownFileType = file.storyboard; name = Base; path = Base.lproj/LaunchScreen.storyboard; sourceTree = "<group>"; };
		BCD414962540C1E20083DB24 /* Info.plist */ = {isa = PBXFileReference; lastKnownFileType = text.plist.xml; path = Info.plist; sourceTree = "<group>"; };
		BCD4149D2540C3490083DB24 /* Mapbox.framework */ = {isa = PBXFileReference; lastKnownFileType = wrapper.framework; path = Mapbox.framework; sourceTree = "<group>"; };
		BCD4149E2540C3490083DB24 /* MapboxMobileEvents.framework */ = {isa = PBXFileReference; lastKnownFileType = wrapper.framework; path = MapboxMobileEvents.framework; sourceTree = "<group>"; };
		BCD414A7254115260083DB24 /* features.geojson */ = {isa = PBXFileReference; fileEncoding = 4; lastKnownFileType = text; path = features.geojson; sourceTree = "<group>"; };
		BCD414A9254132A40083DB24 /* README.md */ = {isa = PBXFileReference; lastKnownFileType = net.daringfireball.markdown; path = README.md; sourceTree = "<group>"; xcLanguageSpecificationIdentifier = xcode.lang.markdown; };
/* End PBXFileReference section */

/* Begin PBXFrameworksBuildPhase section */
		BCD414822540C1E10083DB24 /* Frameworks */ = {
			isa = PBXFrameworksBuildPhase;
			buildActionMask = 2147483647;
			files = (
				BCD414A42540C36A0083DB24 /* MapboxMobileEvents.framework in Frameworks */,
				BCD414A12540C3680083DB24 /* Mapbox.framework in Frameworks */,
			);
			runOnlyForDeploymentPostprocessing = 0;
		};
/* End PBXFrameworksBuildPhase section */

/* Begin PBXGroup section */
		BCD4147C2540C1E10083DB24 = {
			isa = PBXGroup;
			children = (
				BCD414A9254132A40083DB24 /* README.md */,
				BCD414872540C1E10083DB24 /* MapboxDemo */,
				BCD414862540C1E10083DB24 /* Products */,
			);
			sourceTree = "<group>";
		};
		BCD414862540C1E10083DB24 /* Products */ = {
			isa = PBXGroup;
			children = (
				BCD414852540C1E10083DB24 /* MapboxDemo.app */,
			);
			name = Products;
			sourceTree = "<group>";
		};
		BCD414872540C1E10083DB24 /* MapboxDemo */ = {
			isa = PBXGroup;
			children = (
				BCD414882540C1E10083DB24 /* AppDelegate.swift */,
				BCD4148A2540C1E10083DB24 /* SceneDelegate.swift */,
				BCD4148C2540C1E10083DB24 /* ViewController.swift */,
				BCD4148E2540C1E10083DB24 /* Main.storyboard */,
				BCD414912540C1E20083DB24 /* Assets.xcassets */,
				BCD414932540C1E20083DB24 /* LaunchScreen.storyboard */,
				BCD414962540C1E20083DB24 /* Info.plist */,
				BCD4149D2540C3490083DB24 /* Mapbox.framework */,
				BCD4149E2540C3490083DB24 /* MapboxMobileEvents.framework */,
				BCD414A7254115260083DB24 /* features.geojson */,
			);
			path = MapboxDemo;
			sourceTree = "<group>";
		};
/* End PBXGroup section */

/* Begin PBXNativeTarget section */
		BCD414842540C1E10083DB24 /* MapboxDemo */ = {
			isa = PBXNativeTarget;
			buildConfigurationList = BCD414992540C1E20083DB24 /* Build configuration list for PBXNativeTarget "MapboxDemo" */;
			buildPhases = (
				BCD414812540C1E10083DB24 /* Sources */,
				BCD414822540C1E10083DB24 /* Frameworks */,
				BCD414832540C1E10083DB24 /* Resources */,
				BCD414A32540C3680083DB24 /* Embed Frameworks */,
				BCD414A62540C98C0083DB24 /* ShellScript */,
			);
			buildRules = (
			);
			dependencies = (
			);
			name = MapboxDemo;
			productName = MapboxDemo;
			productReference = BCD414852540C1E10083DB24 /* MapboxDemo.app */;
			productType = "com.apple.product-type.application";
		};
/* End PBXNativeTarget section */

/* Begin PBXProject section */
		BCD4147D2540C1E10083DB24 /* Project object */ = {
			isa = PBXProject;
			attributes = {
				LastSwiftUpdateCheck = 1200;
				LastUpgradeCheck = 1200;
				TargetAttributes = {
					BCD414842540C1E10083DB24 = {
						CreatedOnToolsVersion = 12.0.1;
					};
				};
			};
			buildConfigurationList = BCD414802540C1E10083DB24 /* Build configuration list for PBXProject "MapboxDemo" */;
			compatibilityVersion = "Xcode 9.3";
			developmentRegion = en;
			hasScannedForEncodings = 0;
			knownRegions = (
				en,
				Base,
			);
			mainGroup = BCD4147C2540C1E10083DB24;
			productRefGroup = BCD414862540C1E10083DB24 /* Products */;
			projectDirPath = "";
			projectRoot = "";
			targets = (
				BCD414842540C1E10083DB24 /* MapboxDemo */,
			);
		};
/* End PBXProject section */

/* Begin PBXResourcesBuildPhase section */
		BCD414832540C1E10083DB24 /* Resources */ = {
			isa = PBXResourcesBuildPhase;
			buildActionMask = 2147483647;
			files = (
				BCD414952540C1E20083DB24 /* LaunchScreen.storyboard in Resources */,
				BCD414922540C1E20083DB24 /* Assets.xcassets in Resources */,
				BCD414A8254115260083DB24 /* features.geojson in Resources */,
				BCD414902540C1E10083DB24 /* Main.storyboard in Resources */,
			);
			runOnlyForDeploymentPostprocessing = 0;
		};
/* End PBXResourcesBuildPhase section */

/* Begin PBXShellScriptBuildPhase section */
		BCD414A62540C98C0083DB24 /* ShellScript */ = {
			isa = PBXShellScriptBuildPhase;
			buildActionMask = 2147483647;
			files = (
			);
			inputFileListPaths = (
			);
			inputPaths = (
				"$(TARGET_BUILD_DIR)/$(INFOPLIST_PATH)",
			);
			outputFileListPaths = (
			);
			outputPaths = (
			);
			runOnlyForDeploymentPostprocessing = 0;
			shellPath = /bin/sh;
			shellScript = "# Look for a global file named 'mapbox' or '.mapbox' within the home directory\ntoken_file=~/.mapbox\ntoken_file2=~/mapbox\ntoken=\"$(cat $token_file 2>/dev/null || cat $token_file2 2>/dev/null)\"\nif [ \"$token\" ]; then\n  plutil -replace MGLMapboxAccessToken -string $token \"$TARGET_BUILD_DIR/$INFOPLIST_PATH\"\nelse\n  echo 'warning: Missing Mapbox access token'\n  open 'https://account.mapbox.com/access-tokens/'\n  echo \"warning: Get an access token from <https://account.mapbox.com/access-tokens/>, then create a new file at $token_file or $token_file2 that contains the access token.\"\nfi\n";
		};
/* End PBXShellScriptBuildPhase section */

/* Begin PBXSourcesBuildPhase section */
		BCD414812540C1E10083DB24 /* Sources */ = {
			isa = PBXSourcesBuildPhase;
			buildActionMask = 2147483647;
			files = (
				BCD4148D2540C1E10083DB24 /* ViewController.swift in Sources */,
				BCD414892540C1E10083DB24 /* AppDelegate.swift in Sources */,
				BCD4148B2540C1E10083DB24 /* SceneDelegate.swift in Sources */,
			);
			runOnlyForDeploymentPostprocessing = 0;
		};
/* End PBXSourcesBuildPhase section */

/* Begin PBXVariantGroup section */
		BCD4148E2540C1E10083DB24 /* Main.storyboard */ = {
			isa = PBXVariantGroup;
			children = (
				BCD4148F2540C1E10083DB24 /* Base */,
			);
			name = Main.storyboard;
			sourceTree = "<group>";
		};
		BCD414932540C1E20083DB24 /* LaunchScreen.storyboard */ = {
			isa = PBXVariantGroup;
			children = (
				BCD414942540C1E20083DB24 /* Base */,
			);
			name = LaunchScreen.storyboard;
			sourceTree = "<group>";
		};
/* End PBXVariantGroup section */

/* Begin XCBuildConfiguration section */
		BCD414972540C1E20083DB24 /* Debug */ = {
			isa = XCBuildConfiguration;
			buildSettings = {
				ALWAYS_SEARCH_USER_PATHS = NO;
				CLANG_ANALYZER_NONNULL = YES;
				CLANG_ANALYZER_NUMBER_OBJECT_CONVERSION = YES_AGGRESSIVE;
				CLANG_CXX_LANGUAGE_STANDARD = "gnu++14";
				CLANG_CXX_LIBRARY = "libc++";
				CLANG_ENABLE_MODULES = YES;
				CLANG_ENABLE_OBJC_ARC = YES;
				CLANG_ENABLE_OBJC_WEAK = YES;
				CLANG_WARN_BLOCK_CAPTURE_AUTORELEASING = YES;
				CLANG_WARN_BOOL_CONVERSION = YES;
				CLANG_WARN_COMMA = YES;
				CLANG_WARN_CONSTANT_CONVERSION = YES;
				CLANG_WARN_DEPRECATED_OBJC_IMPLEMENTATIONS = YES;
				CLANG_WARN_DIRECT_OBJC_ISA_USAGE = YES_ERROR;
				CLANG_WARN_DOCUMENTATION_COMMENTS = YES;
				CLANG_WARN_EMPTY_BODY = YES;
				CLANG_WARN_ENUM_CONVERSION = YES;
				CLANG_WARN_INFINITE_RECURSION = YES;
				CLANG_WARN_INT_CONVERSION = YES;
				CLANG_WARN_NON_LITERAL_NULL_CONVERSION = YES;
				CLANG_WARN_OBJC_IMPLICIT_RETAIN_SELF = YES;
				CLANG_WARN_OBJC_LITERAL_CONVERSION = YES;
				CLANG_WARN_OBJC_ROOT_CLASS = YES_ERROR;
				CLANG_WARN_QUOTED_INCLUDE_IN_FRAMEWORK_HEADER = YES;
				CLANG_WARN_RANGE_LOOP_ANALYSIS = YES;
				CLANG_WARN_STRICT_PROTOTYPES = YES;
				CLANG_WARN_SUSPICIOUS_MOVE = YES;
				CLANG_WARN_UNGUARDED_AVAILABILITY = YES_AGGRESSIVE;
				CLANG_WARN_UNREACHABLE_CODE = YES;
				CLANG_WARN__DUPLICATE_METHOD_MATCH = YES;
				COPY_PHASE_STRIP = NO;
				DEBUG_INFORMATION_FORMAT = dwarf;
				ENABLE_STRICT_OBJC_MSGSEND = YES;
				ENABLE_TESTABILITY = YES;
				GCC_C_LANGUAGE_STANDARD = gnu11;
				GCC_DYNAMIC_NO_PIC = NO;
				GCC_NO_COMMON_BLOCKS = YES;
				GCC_OPTIMIZATION_LEVEL = 0;
				GCC_PREPROCESSOR_DEFINITIONS = (
					"DEBUG=1",
					"$(inherited)",
				);
				GCC_WARN_64_TO_32_BIT_CONVERSION = YES;
				GCC_WARN_ABOUT_RETURN_TYPE = YES_ERROR;
				GCC_WARN_UNDECLARED_SELECTOR = YES;
				GCC_WARN_UNINITIALIZED_AUTOS = YES_AGGRESSIVE;
				GCC_WARN_UNUSED_FUNCTION = YES;
				GCC_WARN_UNUSED_VARIABLE = YES;
				IPHONEOS_DEPLOYMENT_TARGET = 14.0;
				MTL_ENABLE_DEBUG_INFO = INCLUDE_SOURCE;
				MTL_FAST_MATH = YES;
				ONLY_ACTIVE_ARCH = YES;
				SDKROOT = iphoneos;
				SWIFT_ACTIVE_COMPILATION_CONDITIONS = DEBUG;
				SWIFT_OPTIMIZATION_LEVEL = "-Onone";
				VALIDATE_WORKSPACE = NO;
			};
			name = Debug;
		};
		BCD414982540C1E20083DB24 /* Release */ = {
			isa = XCBuildConfiguration;
			buildSettings = {
				ALWAYS_SEARCH_USER_PATHS = NO;
				CLANG_ANALYZER_NONNULL = YES;
				CLANG_ANALYZER_NUMBER_OBJECT_CONVERSION = YES_AGGRESSIVE;
				CLANG_CXX_LANGUAGE_STANDARD = "gnu++14";
				CLANG_CXX_LIBRARY = "libc++";
				CLANG_ENABLE_MODULES = YES;
				CLANG_ENABLE_OBJC_ARC = YES;
				CLANG_ENABLE_OBJC_WEAK = YES;
				CLANG_WARN_BLOCK_CAPTURE_AUTORELEASING = YES;
				CLANG_WARN_BOOL_CONVERSION = YES;
				CLANG_WARN_COMMA = YES;
				CLANG_WARN_CONSTANT_CONVERSION = YES;
				CLANG_WARN_DEPRECATED_OBJC_IMPLEMENTATIONS = YES;
				CLANG_WARN_DIRECT_OBJC_ISA_USAGE = YES_ERROR;
				CLANG_WARN_DOCUMENTATION_COMMENTS = YES;
				CLANG_WARN_EMPTY_BODY = YES;
				CLANG_WARN_ENUM_CONVERSION = YES;
				CLANG_WARN_INFINITE_RECURSION = YES;
				CLANG_WARN_INT_CONVERSION = YES;
				CLANG_WARN_NON_LITERAL_NULL_CONVERSION = YES;
				CLANG_WARN_OBJC_IMPLICIT_RETAIN_SELF = YES;
				CLANG_WARN_OBJC_LITERAL_CONVERSION = YES;
				CLANG_WARN_OBJC_ROOT_CLASS = YES_ERROR;
				CLANG_WARN_QUOTED_INCLUDE_IN_FRAMEWORK_HEADER = YES;
				CLANG_WARN_RANGE_LOOP_ANALYSIS = YES;
				CLANG_WARN_STRICT_PROTOTYPES = YES;
				CLANG_WARN_SUSPICIOUS_MOVE = YES;
				CLANG_WARN_UNGUARDED_AVAILABILITY = YES_AGGRESSIVE;
				CLANG_WARN_UNREACHABLE_CODE = YES;
				CLANG_WARN__DUPLICATE_METHOD_MATCH = YES;
				COPY_PHASE_STRIP = NO;
				DEBUG_INFORMATION_FORMAT = "dwarf-with-dsym";
				ENABLE_NS_ASSERTIONS = NO;
				ENABLE_STRICT_OBJC_MSGSEND = YES;
				GCC_C_LANGUAGE_STANDARD = gnu11;
				GCC_NO_COMMON_BLOCKS = YES;
				GCC_WARN_64_TO_32_BIT_CONVERSION = YES;
				GCC_WARN_ABOUT_RETURN_TYPE = YES_ERROR;
				GCC_WARN_UNDECLARED_SELECTOR = YES;
				GCC_WARN_UNINITIALIZED_AUTOS = YES_AGGRESSIVE;
				GCC_WARN_UNUSED_FUNCTION = YES;
				GCC_WARN_UNUSED_VARIABLE = YES;
				IPHONEOS_DEPLOYMENT_TARGET = 14.0;
				MTL_ENABLE_DEBUG_INFO = NO;
				MTL_FAST_MATH = YES;
				SDKROOT = iphoneos;
				SWIFT_COMPILATION_MODE = wholemodule;
				SWIFT_OPTIMIZATION_LEVEL = "-O";
				VALIDATE_PRODUCT = YES;
				VALIDATE_WORKSPACE = NO;
			};
			name = Release;
		};
		BCD4149A2540C1E20083DB24 /* Debug */ = {
			isa = XCBuildConfiguration;
			buildSettings = {
				ASSETCATALOG_COMPILER_APPICON_NAME = AppIcon;
				ASSETCATALOG_COMPILER_GLOBAL_ACCENT_COLOR_NAME = AccentColor;
				CODE_SIGN_STYLE = Automatic;
				FRAMEWORK_SEARCH_PATHS = (
					"$(inherited)",
					"$(PROJECT_DIR)/MapboxDemo",
				);
				INFOPLIST_FILE = MapboxDemo/Info.plist;
				LD_RUNPATH_SEARCH_PATHS = (
					"$(inherited)",
					"@executable_path/Frameworks",
				);
				PRODUCT_BUNDLE_IDENTIFIER = com.rnd.MapboxDemo;
				PRODUCT_NAME = "$(TARGET_NAME)";
				SWIFT_VERSION = 5.0;
				TARGETED_DEVICE_FAMILY = "1,2";
			};
			name = Debug;
		};
		BCD4149B2540C1E20083DB24 /* Release */ = {
			isa = XCBuildConfiguration;
			buildSettings = {
				ASSETCATALOG_COMPILER_APPICON_NAME = AppIcon;
				ASSETCATALOG_COMPILER_GLOBAL_ACCENT_COLOR_NAME = AccentColor;
				CODE_SIGN_STYLE = Automatic;
				FRAMEWORK_SEARCH_PATHS = (
					"$(inherited)",
					"$(PROJECT_DIR)/MapboxDemo",
				);
				INFOPLIST_FILE = MapboxDemo/Info.plist;
				LD_RUNPATH_SEARCH_PATHS = (
					"$(inherited)",
					"@executable_path/Frameworks",
				);
				PRODUCT_BUNDLE_IDENTIFIER = com.rnd.MapboxDemo;
				PRODUCT_NAME = "$(TARGET_NAME)";
				SWIFT_VERSION = 5.0;
				TARGETED_DEVICE_FAMILY = "1,2";
			};
			name = Release;
		};
/* End XCBuildConfiguration section */

/* Begin XCConfigurationList section */
		BCD414802540C1E10083DB24 /* Build configuration list for PBXProject "MapboxDemo" */ = {
			isa = XCConfigurationList;
			buildConfigurations = (
				BCD414972540C1E20083DB24 /* Debug */,
				BCD414982540C1E20083DB24 /* Release */,
			);
			defaultConfigurationIsVisible = 0;
			defaultConfigurationName = Release;
		};
		BCD414992540C1E20083DB24 /* Build configuration list for PBXNativeTarget "MapboxDemo" */ = {
			isa = XCConfigurationList;
			buildConfigurations = (
				BCD4149A2540C1E20083DB24 /* Debug */,
				BCD4149B2540C1E20083DB24 /* Release */,
			);
			defaultConfigurationIsVisible = 0;
			defaultConfigurationName = Release;
		};
/* End XCConfigurationList section */
	};
	rootObject = BCD4147D2540C1E10083DB24 /* Project object */;
}
